
Microsoft Visual Studio Solution File, Format Version 12.00
# Visual Studio Version 16
VisualStudioVersion = 16.0.31025.194
MinimumVisualStudioVersion = 10.0.40219.1
Project("{FAE04EC0-301F-11D3-BF4B-00C04F79EFBC}") = "DeliFood.API", "DeliFood.API.csproj", "{C9ED5267-5F94-4B37-9C28-DD33F6A46383}"
EndProject
Global
	GlobalSection(SolutionConfigurationPlatforms) = preSolution
		Debug|Any CPU = Debug|Any CPU
		Release|Any CPU = Release|Any CPU
	EndGlobalSection
	GlobalSection(ProjectConfigurationPlatforms) = postSolution
		{C9ED5267-5F94-4B37-9C28-DD33F6A46383}.Debug|Any CPU.ActiveCfg = Debug|Any CPU
		{C9ED5267-5F94-4B37-9C28-DD33F6A46383}.Debug|Any CPU.Build.0 = Debug|Any CPU
		{C9ED5267-5F94-4B37-9C28-DD33F6A46383}.Release|Any CPU.ActiveCfg = Release|Any CPU
		{C9ED5267-5F94-4B37-9C28-DD33F6A46383}.Release|Any CPU.Build.0 = Release|Any CPU
	EndGlobalSection
	GlobalSection(SolutionProperties) = preSolution
		HideSolutionNode = FALSE
	EndGlobalSection
	GlobalSection(ExtensibilityGlobals) = postSolution
		SolutionGuid = {D6076E6A-844A-465A-8C05-E9ACEC6916F6}
	EndGlobalSection
EndGlobal
